// !$*UTF8*$!
{
	archiveVersion = 1;
	classes = {
	};
	objectVersion = 46;
	objects = {

/* Begin PBXBuildFile section */
		7753BBCF1E13345400B78D49 /* Sho_Reminder.xcdatamodeld in Sources */ = {isa = PBXBuildFile; fileRef = 7753BBCD1E13345400B78D49 /* Sho_Reminder.xcdatamodeld */; };
		7753BBD11E13345400B78D49 /* Assets.xcassets in Resources */ = {isa = PBXBuildFile; fileRef = 7753BBD01E13345400B78D49 /* Assets.xcassets */; };
		7753BBD41E13345400B78D49 /* LaunchScreen.storyboard in Resources */ = {isa = PBXBuildFile; fileRef = 7753BBD21E13345400B78D49 /* LaunchScreen.storyboard */; };
		7753BBDC1E13349B00B78D49 /* AppDelegate.swift in Sources */ = {isa = PBXBuildFile; fileRef = 7753BBDB1E13349B00B78D49 /* AppDelegate.swift */; };
		7753BBE61E1334B900B78D49 /* HomeTableViewCell.swift in Sources */ = {isa = PBXBuildFile; fileRef = 7753BBDE1E1334B900B78D49 /* HomeTableViewCell.swift */; };
		7753BBE71E1334B900B78D49 /* HomeViewController.swift in Sources */ = {isa = PBXBuildFile; fileRef = 7753BBDF1E1334B900B78D49 /* HomeViewController.swift */; };
		7753BBE91E1334B900B78D49 /* PlaceViewController.swift in Sources */ = {isa = PBXBuildFile; fileRef = 7753BBE21E1334B900B78D49 /* PlaceViewController.swift */; };
		7753BBEA1E1334B900B78D49 /* TimeTableViewCell.swift in Sources */ = {isa = PBXBuildFile; fileRef = 7753BBE31E1334B900B78D49 /* TimeTableViewCell.swift */; };
		7753BBEB1E1334B900B78D49 /* TimeViewController.swift in Sources */ = {isa = PBXBuildFile; fileRef = 7753BBE41E1334B900B78D49 /* TimeViewController.swift */; };
		7753BBED1E1334D300B78D49 /* Main.storyboard in Resources */ = {isa = PBXBuildFile; fileRef = 7753BBEC1E1334D300B78D49 /* Main.storyboard */; };
		7753BBF11E1335D900B78D49 /* ManagedObject.swift in Sources */ = {isa = PBXBuildFile; fileRef = 7753BBF01E1335D900B78D49 /* ManagedObject.swift */; };
/* End PBXBuildFile section */

/* Begin PBXFileReference section */
		7753BBC31E13345400B78D49 /* Sho Reminder.app */ = {isa = PBXFileReference; explicitFileType = wrapper.application; includeInIndex = 0; path = "Sho Reminder.app"; sourceTree = BUILT_PRODUCTS_DIR; };
		7753BBCE1E13345400B78D49 /* Sho_Reminder.xcdatamodel */ = {isa = PBXFileReference; lastKnownFileType = wrapper.xcdatamodel; path = Sho_Reminder.xcdatamodel; sourceTree = "<group>"; };
		7753BBD01E13345400B78D49 /* Assets.xcassets */ = {isa = PBXFileReference; lastKnownFileType = folder.assetcatalog; path = Assets.xcassets; sourceTree = "<group>"; };
		7753BBD31E13345400B78D49 /* Base */ = {isa = PBXFileReference; lastKnownFileType = file.storyboard; name = Base; path = Base.lproj/LaunchScreen.storyboard; sourceTree = "<group>"; };
		7753BBD51E13345400B78D49 /* Info.plist */ = {isa = PBXFileReference; lastKnownFileType = text.plist.xml; path = Info.plist; sourceTree = "<group>"; };
		7753BBDB1E13349B00B78D49 /* AppDelegate.swift */ = {isa = PBXFileReference; fileEncoding = 4; lastKnownFileType = sourcecode.swift; name = AppDelegate.swift; path = ../AppDelegate.swift; sourceTree = "<group>"; };
		7753BBDE1E1334B900B78D49 /* HomeTableViewCell.swift */ = {isa = PBXFileReference; fileEncoding = 4; lastKnownFileType = sourcecode.swift; path = HomeTableViewCell.swift; sourceTree = "<group>"; };
		7753BBDF1E1334B900B78D49 /* HomeViewController.swift */ = {isa = PBXFileReference; fileEncoding = 4; lastKnownFileType = sourcecode.swift; path = HomeViewController.swift; sourceTree = "<group>"; };
		7753BBE21E1334B900B78D49 /* PlaceViewController.swift */ = {isa = PBXFileReference; fileEncoding = 4; lastKnownFileType = sourcecode.swift; name = PlaceViewController.swift; path = ../PlaceViewController.swift; sourceTree = "<group>"; };
		7753BBE31E1334B900B78D49 /* TimeTableViewCell.swift */ = {isa = PBXFileReference; fileEncoding = 4; lastKnownFileType = sourcecode.swift; path = TimeTableViewCell.swift; sourceTree = "<group>"; };
		7753BBE41E1334B900B78D49 /* TimeViewController.swift */ = {isa = PBXFileReference; fileEncoding = 4; lastKnownFileType = sourcecode.swift; path = TimeViewController.swift; sourceTree = "<group>"; };
		7753BBEC1E1334D300B78D49 /* Main.storyboard */ = {isa = PBXFileReference; fileEncoding = 4; lastKnownFileType = file.storyboard; path = Main.storyboard; sourceTree = "<group>"; };
		7753BBF01E1335D900B78D49 /* ManagedObject.swift */ = {isa = PBXFileReference; fileEncoding = 4; lastKnownFileType = sourcecode.swift; path = ManagedObject.swift; sourceTree = "<group>"; };
/* End PBXFileReference section */

/* Begin PBXFrameworksBuildPhase section */
		7753BBC01E13345400B78D49 /* Frameworks */ = {
			isa = PBXFrameworksBuildPhase;
			buildActionMask = 2147483647;
			files = (
			);
			runOnlyForDeploymentPostprocessing = 0;
		};
/* End PBXFrameworksBuildPhase section */

/* Begin PBXGroup section */
		7753BBBA1E13345400B78D49 = {
			isa = PBXGroup;
			children = (
				7753BBC51E13345400B78D49 /* Sho Reminder */,
				7753BBC41E13345400B78D49 /* Products */,
			);
			sourceTree = "<group>";
		};
		7753BBC41E13345400B78D49 /* Products */ = {
			isa = PBXGroup;
			children = (
				7753BBC31E13345400B78D49 /* Sho Reminder.app */,
			);
			name = Products;
			sourceTree = "<group>";
		};
		7753BBC51E13345400B78D49 /* Sho Reminder */ = {
			isa = PBXGroup;
			children = (
				7753BBEE1E13353200B78D49 /* Home */,
				7753BBEF1E13355100B78D49 /* Time */,
				7753BBE21E1334B900B78D49 /* PlaceViewController.swift */,
				7753BBD01E13345400B78D49 /* Assets.xcassets */,
				7753BBDB1E13349B00B78D49 /* AppDelegate.swift */,
				7753BBEC1E1334D300B78D49 /* Main.storyboard */,
				7753BBD21E13345400B78D49 /* LaunchScreen.storyboard */,
				7753BBD51E13345400B78D49 /* Info.plist */,
				7753BBCD1E13345400B78D49 /* Sho_Reminder.xcdatamodeld */,
			);
			path = "Sho Reminder";
			sourceTree = "<group>";
		};
		7753BBEE1E13353200B78D49 /* Home */ = {
			isa = PBXGroup;
			children = (
				7753BBDE1E1334B900B78D49 /* HomeTableViewCell.swift */,
				7753BBDF1E1334B900B78D49 /* HomeViewController.swift */,
			);
			name = Home;
			path = ..;
			sourceTree = "<group>";
		};
		7753BBEF1E13355100B78D49 /* Time */ = {
			isa = PBXGroup;
			children = (
				7753BBF01E1335D900B78D49 /* ManagedObject.swift */,
				7753BBE41E1334B900B78D49 /* TimeViewController.swift */,
				7753BBE31E1334B900B78D49 /* TimeTableViewCell.swift */,
			);
			name = Time;
			path = ..;
			sourceTree = "<group>";
		};
/* End PBXGroup section */

/* Begin PBXNativeTarget section */
		7753BBC21E13345400B78D49 /* Sho Reminder */ = {
			isa = PBXNativeTarget;
			buildConfigurationList = 7753BBD81E13345400B78D49 /* Build configuration list for PBXNativeTarget "Sho Reminder" */;
			buildPhases = (
				7753BBBF1E13345400B78D49 /* Sources */,
				7753BBC01E13345400B78D49 /* Frameworks */,
				7753BBC11E13345400B78D49 /* Resources */,
			);
			buildRules = (
			);
			dependencies = (
			);
			name = "Sho Reminder";
			productName = "Sho Reminder";
			productReference = 7753BBC31E13345400B78D49 /* Sho Reminder.app */;
			productType = "com.apple.product-type.application";
		};
/* End PBXNativeTarget section */

/* Begin PBXProject section */
		7753BBBB1E13345400B78D49 /* Project object */ = {
			isa = PBXProject;
			attributes = {
				LastSwiftUpdateCheck = 0820;
				LastUpgradeCheck = 0820;
				ORGANIZATIONNAME = "JNJ Apps";
				TargetAttributes = {
					7753BBC21E13345400B78D49 = {
						CreatedOnToolsVersion = 8.2.1;
						DevelopmentTeam = JN83A35T6F;
						LastSwiftMigration = 0820;
						ProvisioningStyle = Automatic;
					};
				};
			};
			buildConfigurationList = 7753BBBE1E13345400B78D49 /* Build configuration list for PBXProject "Sho Reminder" */;
			compatibilityVersion = "Xcode 3.2";
			developmentRegion = English;
			hasScannedForEncodings = 0;
			knownRegions = (
				en,
				Base,
			);
			mainGroup = 7753BBBA1E13345400B78D49;
			productRefGroup = 7753BBC41E13345400B78D49 /* Products */;
			projectDirPath = "";
			projectRoot = "";
			targets = (
				7753BBC21E13345400B78D49 /* Sho Reminder */,
			);
		};
/* End PBXProject section */

/* Begin PBXResourcesBuildPhase section */
		7753BBC11E13345400B78D49 /* Resources */ = {
			isa = PBXResourcesBuildPhase;
			buildActionMask = 2147483647;
			files = (
				7753BBED1E1334D300B78D49 /* Main.storyboard in Resources */,
				7753BBD41E13345400B78D49 /* LaunchScreen.storyboard in Resources */,
				7753BBD11E13345400B78D49 /* Assets.xcassets in Resources */,
			);
			runOnlyForDeploymentPostprocessing = 0;
		};
/* End PBXResourcesBuildPhase section */

/* Begin PBXSourcesBuildPhase section */
		7753BBBF1E13345400B78D49 /* Sources */ = {
			isa = PBXSourcesBuildPhase;
			buildActionMask = 2147483647;
			files = (
				7753BBE71E1334B900B78D49 /* HomeViewController.swift in Sources */,
				7753BBDC1E13349B00B78D49 /* AppDelegate.swift in Sources */,
				7753BBF11E1335D900B78D49 /* ManagedObject.swift in Sources */,
				7753BBE91E1334B900B78D49 /* PlaceViewController.swift in Sources */,
				7753BBEA1E1334B900B78D49 /* TimeTableViewCell.swift in Sources */,
				7753BBE61E1334B900B78D49 /* HomeTableViewCell.swift in Sources */,
				7753BBCF1E13345400B78D49 /* Sho_Reminder.xcdatamodeld in Sources */,
				7753BBEB1E1334B900B78D49 /* TimeViewController.swift in Sources */,
			);
			runOnlyForDeploymentPostprocessing = 0;
		};
/* End PBXSourcesBuildPhase section */

/* Begin PBXVariantGroup section */
		7753BBD21E13345400B78D49 /* LaunchScreen.storyboard */ = {
			isa = PBXVariantGroup;
			children = (
				7753BBD31E13345400B78D49 /* Base */,
			);
			name = LaunchScreen.storyboard;
			sourceTree = "<group>";
		};
/* End PBXVariantGroup section */

/* Begin XCBuildConfiguration section */
		7753BBD61E13345400B78D49 /* Debug */ = {
			isa = XCBuildConfiguration;
			buildSettings = {
				ALWAYS_SEARCH_USER_PATHS = NO;
				CLANG_ANALYZER_NONNULL = YES;
				CLANG_CXX_LANGUAGE_STANDARD = "gnu++0x";
				CLANG_CXX_LIBRARY = "libc++";
				CLANG_ENABLE_MODULES = YES;
				CLANG_ENABLE_OBJC_ARC = YES;
				CLANG_WARN_BOOL_CONVERSION = YES;
				CLANG_WARN_CONSTANT_CONVERSION = YES;
				CLANG_WARN_DIRECT_OBJC_ISA_USAGE = YES_ERROR;
				CLANG_WARN_DOCUMENTATION_COMMENTS = YES;
				CLANG_WARN_EMPTY_BODY = YES;
				CLANG_WARN_ENUM_CONVERSION = YES;
				CLANG_WARN_INFINITE_RECURSION = YES;
				CLANG_WARN_INT_CONVERSION = YES;
				CLANG_WARN_OBJC_ROOT_CLASS = YES_ERROR;
				CLANG_WARN_SUSPICIOUS_MOVE = YES;
				CLANG_WARN_UNREACHABLE_CODE = YES;
				CLANG_WARN__DUPLICATE_METHOD_MATCH = YES;
				"CODE_SIGN_IDENTITY[sdk=iphoneos*]" = "iPhone Developer";
				COPY_PHASE_STRIP = NO;
				DEBUG_INFORMATION_FORMAT = dwarf;
				ENABLE_STRICT_OBJC_MSGSEND = YES;
				ENABLE_TESTABILITY = YES;
				GCC_C_LANGUAGE_STANDARD = gnu99;
				GCC_DYNAMIC_NO_PIC = NO;
				GCC_NO_COMMON_BLOCKS = YES;
				GCC_OPTIMIZATION_LEVEL = 0;
				GCC_PREPROCESSOR_DEFINITIONS = (
					"DEBUG=1",
					"$(inherited)",
				);
				GCC_WARN_64_TO_32_BIT_CONVERSION = YES;
				GCC_WARN_ABOUT_RETURN_TYPE = YES_ERROR;
				GCC_WARN_UNDECLARED_SELECTOR = YES;
				GCC_WARN_UNINITIALIZED_AUTOS = YES_AGGRESSIVE;
				GCC_WARN_UNUSED_FUNCTION = YES;
				GCC_WARN_UNUSED_VARIABLE = YES;
				IPHONEOS_DEPLOYMENT_TARGET = 10.2;
				MTL_ENABLE_DEBUG_INFO = YES;
				ONLY_ACTIVE_ARCH = YES;
				SDKROOT = iphoneos;
				SWIFT_ACTIVE_COMPILATION_CONDITIONS = DEBUG;
				SWIFT_OPTIMIZATION_LEVEL = "-Onone";
			};
			name = Debug;
		};
		7753BBD71E13345400B78D49 /* Release */ = {
			isa = XCBuildConfiguration;
			buildSettings = {
				ALWAYS_SEARCH_USER_PATHS = NO;
				CLANG_ANALYZER_NONNULL = YES;
				CLANG_CXX_LANGUAGE_STANDARD = "gnu++0x";
				CLANG_CXX_LIBRARY = "libc++";
				CLANG_ENABLE_MODULES = YES;
				CLANG_ENABLE_OBJC_ARC = YES;
				CLANG_WARN_BOOL_CONVERSION = YES;
				CLANG_WARN_CONSTANT_CONVERSION = YES;
				CLANG_WARN_DIRECT_OBJC_ISA_USAGE = YES_ERROR;
				CLANG_WARN_DOCUMENTATION_COMMENTS = YES;
				CLANG_WARN_EMPTY_BODY = YES;
				CLANG_WARN_ENUM_CONVERSION = YES;
				CLANG_WARN_INFINITE_RECURSION = YES;
				CLANG_WARN_INT_CONVERSION = YES;
				CLANG_WARN_OBJC_ROOT_CLASS = YES_ERROR;
				CLANG_WARN_SUSPICIOUS_MOVE = YES;
				CLANG_WARN_UNREACHABLE_CODE = YES;
				CLANG_WARN__DUPLICATE_METHOD_MATCH = YES;
				"CODE_SIGN_IDENTITY[sdk=iphoneos*]" = "iPhone Developer";
				COPY_PHASE_STRIP = NO;
				DEBUG_INFORMATION_FORMAT = "dwarf-with-dsym";
				ENABLE_NS_ASSERTIONS = NO;
				ENABLE_STRICT_OBJC_MSGSEND = YES;
				GCC_C_LANGUAGE_STANDARD = gnu99;
				GCC_NO_COMMON_BLOCKS = YES;
				GCC_WARN_64_TO_32_BIT_CONVERSION = YES;
				GCC_WARN_ABOUT_RETURN_TYPE = YES_ERROR;
				GCC_WARN_UNDECLARED_SELECTOR = YES;
				GCC_WARN_UNINITIALIZED_AUTOS = YES_AGGRESSIVE;
				GCC_WARN_UNUSED_FUNCTION = YES;
				GCC_WARN_UNUSED_VARIABLE = YES;
				IPHONEOS_DEPLOYMENT_TARGET = 10.2;
				MTL_ENABLE_DEBUG_INFO = NO;
				SDKROOT = iphoneos;
				SWIFT_OPTIMIZATION_LEVEL = "-Owholemodule";
				VALIDATE_PRODUCT = YES;
			};
			name = Release;
		};
		7753BBD91E13345400B78D49 /* Debug */ = {
			isa = XCBuildConfiguration;
			buildSettings = {
				ASSETCATALOG_COMPILER_APPICON_NAME = AppIcon;
				CLANG_ENABLE_MODULES = YES;
				DEVELOPMENT_TEAM = JN83A35T6F;
				INFOPLIST_FILE = "Sho Reminder/Info.plist";
				LD_RUNPATH_SEARCH_PATHS = "$(inherited) @executable_path/Frameworks";
				PRODUCT_BUNDLE_IDENTIFIER = "com.jnjapps.Sho-Reminder";
				PRODUCT_NAME = "$(TARGET_NAME)";
				SWIFT_OPTIMIZATION_LEVEL = "-Onone";
				SWIFT_VERSION = 3.0;
			};
			name = Debug;
		};
		7753BBDA1E13345400B78D49 /* Release */ = {
			isa = XCBuildConfiguration;
			buildSettings = {
				ASSETCATALOG_COMPILER_APPICON_NAME = AppIcon;
				CLANG_ENABLE_MODULES = YES;
				DEVELOPMENT_TEAM = JN83A35T6F;
				INFOPLIST_FILE = "Sho Reminder/Info.plist";
				LD_RUNPATH_SEARCH_PATHS = "$(inherited) @executable_path/Frameworks";
				PRODUCT_BUNDLE_IDENTIFIER = "com.jnjapps.Sho-Reminder";
				PRODUCT_NAME = "$(TARGET_NAME)";
				SWIFT_VERSION = 3.0;
			};
			name = Release;
		};
/* End XCBuildConfiguration section */

/* Begin XCConfigurationList section */
		7753BBBE1E13345400B78D49 /* Build configuration list for PBXProject "Sho Reminder" */ = {
			isa = XCConfigurationList;
			buildConfigurations = (
				7753BBD61E13345400B78D49 /* Debug */,
				7753BBD71E13345400B78D49 /* Release */,
			);
			defaultConfigurationIsVisible = 0;
			defaultConfigurationName = Release;
		};
		7753BBD81E13345400B78D49 /* Build configuration list for PBXNativeTarget "Sho Reminder" */ = {
			isa = XCConfigurationList;
			buildConfigurations = (
				7753BBD91E13345400B78D49 /* Debug */,
				7753BBDA1E13345400B78D49 /* Release */,
			);
			defaultConfigurationIsVisible = 0;
			defaultConfigurationName = Release;
		};
/* End XCConfigurationList section */

/* Begin XCVersionGroup section */
		7753BBCD1E13345400B78D49 /* Sho_Reminder.xcdatamodeld */ = {
			isa = XCVersionGroup;
			children = (
				7753BBCE1E13345400B78D49 /* Sho_Reminder.xcdatamodel */,
			);
			currentVersion = 7753BBCE1E13345400B78D49 /* Sho_Reminder.xcdatamodel */;
			path = Sho_Reminder.xcdatamodeld;
			sourceTree = "<group>";
			versionGroupType = wrapper.xcdatamodel;
		};
/* End XCVersionGroup section */
	};
	rootObject = 7753BBBB1E13345400B78D49 /* Project object */;
}
